
Microsoft Visual Studio Solution File, Format Version 12.00
# Visual Studio Version 17
VisualStudioVersion = 17.1.32414.318
MinimumVisualStudioVersion = 10.0.40219.1
Project("{FAE04EC0-301F-11D3-BF4B-00C04F79EFBC}") = "Perusteet_Kertaus", "Perusteet_Kertaus.csproj", "{1DD482A3-14CA-4F9A-999F-B92E3F74C9C3}"
EndProject
Global
	GlobalSection(SolutionConfigurationPlatforms) = preSolution
		Debug|Any CPU = Debug|Any CPU
		Release|Any CPU = Release|Any CPU
	EndGlobalSection
	GlobalSection(ProjectConfigurationPlatforms) = postSolution
		{1DD482A3-14CA-4F9A-999F-B92E3F74C9C3}.Debug|Any CPU.ActiveCfg = Debug|Any CPU
		{1DD482A3-14CA-4F9A-999F-B92E3F74C9C3}.Debug|Any CPU.Build.0 = Debug|Any CPU
		{1DD482A3-14CA-4F9A-999F-B92E3F74C9C3}.Release|Any CPU.ActiveCfg = Release|Any CPU
		{1DD482A3-14CA-4F9A-999F-B92E3F74C9C3}.Release|Any CPU.Build.0 = Release|Any CPU
	EndGlobalSection
	GlobalSection(SolutionProperties) = preSolution
		HideSolutionNode = FALSE
	EndGlobalSection
	GlobalSection(ExtensibilityGlobals) = postSolution
		SolutionGuid = {75DC7F03-D7BC-4AAA-8B31-1430702AC955}
	EndGlobalSection
EndGlobal
